
Microsoft Visual Studio Solution File, Format Version 12.00
# Visual Studio Version 18
VisualStudioVersion = 18.0.11222.15 d18.0
MinimumVisualStudioVersion = 10.0.40219.1
Project("{FAE04EC0-301F-11D3-BF4B-00C04F79EFBC}") = "AdventOfCode2025", "AdventOfCode2025\AdventOfCode2025.csproj", "{E152F3C4-735A-415F-B5D3-8CD1E24DD273}"
EndProject
Project("{FAE04EC0-301F-11D3-BF4B-00C04F79EFBC}") = "AdventOfCode2025.Tests", "AdventOfCode2025Tests\AdventOfCode2025.Tests.csproj", "{B446F213-B27E-453C-8FA7-94E818AB9C05}"
EndProject
Global
	GlobalSection(SolutionConfigurationPlatforms) = preSolution
		Debug|Any CPU = Debug|Any CPU
		Release|Any CPU = Release|Any CPU
	EndGlobalSection
	GlobalSection(ProjectConfigurationPlatforms) = postSolution
		{E152F3C4-735A-415F-B5D3-8CD1E24DD273}.Debug|Any CPU.ActiveCfg = Debug|Any CPU
		{E152F3C4-735A-415F-B5D3-8CD1E24DD273}.Debug|Any CPU.Build.0 = Debug|Any CPU
		{E152F3C4-735A-415F-B5D3-8CD1E24DD273}.Release|Any CPU.ActiveCfg = Release|Any CPU
		{E152F3C4-735A-415F-B5D3-8CD1E24DD273}.Release|Any CPU.Build.0 = Release|Any CPU
		{B446F213-B27E-453C-8FA7-94E818AB9C05}.Debug|Any CPU.ActiveCfg = Debug|Any CPU
		{B446F213-B27E-453C-8FA7-94E818AB9C05}.Debug|Any CPU.Build.0 = Debug|Any CPU
		{B446F213-B27E-453C-8FA7-94E818AB9C05}.Release|Any CPU.ActiveCfg = Release|Any CPU
		{B446F213-B27E-453C-8FA7-94E818AB9C05}.Release|Any CPU.Build.0 = Release|Any CPU
	EndGlobalSection
	GlobalSection(SolutionProperties) = preSolution
		HideSolutionNode = FALSE
	EndGlobalSection
	GlobalSection(ExtensibilityGlobals) = postSolution
		SolutionGuid = {7BD112C9-8A85-48EA-970F-BB83896CD273}
	EndGlobalSection
EndGlobal
